{
  "dependencies": [
    {
      "commit": "0c90d5ce58b85671caf8ca7b3c15f61375bc416a",
      "hash": "5f92c513691010a026b5e303974c84d0112112da454ea441031a5eafa081bffe",
      "id": "softadastra/kordex-bindings",
      "repo": "https://github.com/softadastra/kordex-bindings",
      "requested": "0.2.0",
      "tag": "v0.2.0",
      "version": "0.2.0"
    },
    {
      "commit": "d827815bf00bff8db79aaef8f37d9d584ac9dc4c",
      "hash": "d6a7f5e602f9616662c6b6e8cff2f56608952e9bd235d4bee7d548993c5e1e20",
      "id": "softadastra/kordex-runtime",
      "repo": "https://github.com/softadastra/kordex-runtime",
      "requested": "0.2.0",
      "tag": "v0.2.0",
      "version": "0.2.0"
    }
  ],
  "lockVersion": 1
}
